
Microsoft Visual Studio Solution File, Format Version 12.00
# Visual Studio Version 17
VisualStudioVersion = 17.8.34525.116
MinimumVisualStudioVersion = 10.0.40219.1
Project("{FAE04EC0-301F-11D3-BF4B-00C04F79EFBC}") = "FileyFileInfo", "FileyFileInfo\FileyFileInfo.csproj", "{CEBA341B-5608-4519-9337-82B4235A1791}"
EndProject
Global
	GlobalSection(SolutionConfigurationPlatforms) = preSolution
		Debug|Any CPU = Debug|Any CPU
		Release|Any CPU = Release|Any CPU
	EndGlobalSection
	GlobalSection(ProjectConfigurationPlatforms) = postSolution
		{CEBA341B-5608-4519-9337-82B4235A1791}.Debug|Any CPU.ActiveCfg = Debug|Any CPU
		{CEBA341B-5608-4519-9337-82B4235A1791}.Debug|Any CPU.Build.0 = Debug|Any CPU
		{CEBA341B-5608-4519-9337-82B4235A1791}.Release|Any CPU.ActiveCfg = Release|Any CPU
		{CEBA341B-5608-4519-9337-82B4235A1791}.Release|Any CPU.Build.0 = Release|Any CPU
	EndGlobalSection
	GlobalSection(SolutionProperties) = preSolution
		HideSolutionNode = FALSE
	EndGlobalSection
	GlobalSection(ExtensibilityGlobals) = postSolution
		SolutionGuid = {77C6A0A6-9D53-4873-AEF2-CE1E6ED63FD3}
	EndGlobalSection
EndGlobal
